{
  "name": "actorial-monorepo",
  "lockfileVersion": 3,
  "requires": true,
  "packages": {
    "": {
      "name": "actorial-monorepo",
      "workspaces": [
        "packages/*",
        "examples/*"
      ],
      "dependencies": {
        "playwright": "^1.63.0"
      }
    },
    "examples/cosmodata": {
      "name": "example-cosmodata",
      "dependencies": {
        "actorial": "*"
      }
    },
    "examples/ikea": {
      "name": "example-ikea",
      "dependencies": {
        "actorial": "*"
      }
    },
    "examples/plaisio": {
      "name": "example-plaisio",
      "dependencies": {
        "actorial": "*"
      }
    },
    "examples/sync": {
      "name": "example-sync",
      "dependencies": {
        "actorial": "*"
      }
    },
    "examples/workable": {
      "name": "example-workable",
      "dependencies": {
        "actorial": "*"
      }
    },
    "node_modules/actorial": {
      "resolved": "packages/actorial",
      "link": true
    },
    "node_modules/example-cosmodata": {
      "resolved": "examples/cosmodata",
      "link": true
    },
    "node_modules/example-ikea": {
      "resolved": "examples/ikea",
      "link": true
    },
    "node_modules/example-plaisio": {
      "resolved": "examples/plaisio",
      "link": true
    },
    "node_modules/example-sync": {
      "resolved": "examples/sync",
      "link": true
    },
    "node_modules/example-workable": {
      "resolved": "examples/workable",
      "link": true
    },
    "node_modules/playwright": {
      "version": "1.63.0",
      "resolved": "https://registry.npmjs.org/playwright/-/playwright-1.63.0.tgz",
      "integrity": "sha512-+7ziBLidS4NaNCdt57SUDT+wYmmd5fmiQejUic/kb+YsYSCPyOOE9sebzMjNmQrsnNpDJqd4WHvV/8lfKfUDUg==",
      "license": "Apache-2.0",
      "dependencies": {
        "playwright-core": "1.63.0"
      },
      "bin": {
        "playwright": "cli.js"
      },
      "engines": {
        "node": ">=20"
      }
    },
    "node_modules/playwright-core": {
      "version": "1.63.0",
      "resolved": "https://registry.npmjs.org/playwright-core/-/playwright-core-1.63.0.tgz",
      "integrity": "sha512-rYCsBF/M5HjUch52bbtVONEFjv6Xu8sm8h72dNlR5bzIE1fvC/bxgspzkjSfU+MweEMmPM8KJebG6nnyxo5mCg==",
      "license": "Apache-2.0",
      "bin": {
        "playwright-core": "cli.js"
      },
      "engines": {
        "node": ">=20"
      }
    },
    "packages/actorial": {
      "version": "0.1.0",
      "license": "MIT",
      "bin": {
        "actorial": "bin/actorial.js"
      }
    }
  }
}
